// !$*UTF8*$!
{
	archiveVersion = 1;
	classes = {
	};
	objectVersion = 46;
	objects = {

/* Begin PBXBuildFile section */
		FA1FF1EC199647640031FCBF /* AppDelegate.swift in Sources */ = {isa = PBXBuildFile; fileRef = FA1FF1EB199647640031FCBF /* AppDelegate.swift */; };
		FA1FF1EE199647640031FCBF /* ViewController.swift in Sources */ = {isa = PBXBuildFile; fileRef = FA1FF1ED199647640031FCBF /* ViewController.swift */; };
		FA1FF1F1199647640031FCBF /* Main.storyboard in Resources */ = {isa = PBXBuildFile; fileRef = FA1FF1EF199647640031FCBF /* Main.storyboard */; };
		FA1FF1F3199647640031FCBF /* Images.xcassets in Resources */ = {isa = PBXBuildFile; fileRef = FA1FF1F2199647640031FCBF /* Images.xcassets */; };
		FA1FF1FF199647640031FCBF /* SampleSwiftProjectTests.swift in Sources */ = {isa = PBXBuildFile; fileRef = FA1FF1FE199647640031FCBF /* SampleSwiftProjectTests.swift */; };
/* End PBXBuildFile section */

/* Begin PBXContainerItemProxy section */
		FA1FF1F9199647640031FCBF /* PBXContainerItemProxy */ = {
			isa = PBXContainerItemProxy;
			containerPortal = FA1FF1DE199647640031FCBF /* Project object */;
			proxyType = 1;
			remoteGlobalIDString = FA1FF1E5199647640031FCBF;
			remoteInfo = SampleSwiftProject;
		};
/* End PBXContainerItemProxy section */

/* Begin PBXFileReference section */
		FA1FF1E6199647640031FCBF /* SampleSwiftProject.app */ = {isa = PBXFileReference; explicitFileType = wrapper.application; includeInIndex = 0; path = SampleSwiftProject.app; sourceTree = BUILT_PRODUCTS_DIR; };
		FA1FF1EA199647640031FCBF /* Info.plist */ = {isa = PBXFileReference; lastKnownFileType = text.plist.xml; path = Info.plist; sourceTree = "<group>"; };
		FA1FF1EB199647640031FCBF /* AppDelegate.swift */ = {isa = PBXFileReference; lastKnownFileType = sourcecode.swift; path = AppDelegate.swift; sourceTree = "<group>"; };
		FA1FF1ED199647640031FCBF /* ViewController.swift */ = {isa = PBXFileReference; lastKnownFileType = sourcecode.swift; path = ViewController.swift; sourceTree = "<group>"; };
		FA1FF1F0199647640031FCBF /* Base */ = {isa = PBXFileReference; lastKnownFileType = file.storyboard; name = Base; path = Base.lproj/Main.storyboard; sourceTree = "<group>"; };
		FA1FF1F2199647640031FCBF /* Images.xcassets */ = {isa = PBXFileReference; lastKnownFileType = folder.assetcatalog; path = Images.xcassets; sourceTree = "<group>"; };
		FA1FF1F8199647640031FCBF /* SampleSwiftProjectTests.xctest */ = {isa = PBXFileReference; explicitFileType = wrapper.cfbundle; includeInIndex = 0; path = SampleSwiftProjectTests.xctest; sourceTree = BUILT_PRODUCTS_DIR; };
		FA1FF1FD199647640031FCBF /* Info.plist */ = {isa = PBXFileReference; lastKnownFileType = text.plist.xml; path = Info.plist; sourceTree = "<group>"; };
		FA1FF1FE199647640031FCBF /* SampleSwiftProjectTests.swift */ = {isa = PBXFileReference; lastKnownFileType = sourcecode.swift; path = SampleSwiftProjectTests.swift; sourceTree = "<group>"; };
/* End PBXFileReference section */

/* Begin PBXFrameworksBuildPhase section */
		FA1FF1E3199647640031FCBF /* Frameworks */ = {
			isa = PBXFrameworksBuildPhase;
			buildActionMask = 2147483647;
			files = (
			);
			runOnlyForDeploymentPostprocessing = 0;
		};
		FA1FF1F5199647640031FCBF /* Frameworks */ = {
			isa = PBXFrameworksBuildPhase;
			buildActionMask = 2147483647;
			files = (
			);
			runOnlyForDeploymentPostprocessing = 0;
		};
/* End PBXFrameworksBuildPhase section */

/* Begin PBXGroup section */
		FA1FF1DD199647640031FCBF = {
			isa = PBXGroup;
			children = (
				FA1FF1E8199647640031FCBF /* SampleSwiftProject */,
				FA1FF1FB199647640031FCBF /* SampleSwiftProjectTests */,
				FA1FF1E7199647640031FCBF /* Products */,
			);
			sourceTree = "<group>";
		};
		FA1FF1E7199647640031FCBF /* Products */ = {
			isa = PBXGroup;
			children = (
				FA1FF1E6199647640031FCBF /* SampleSwiftProject.app */,
				FA1FF1F8199647640031FCBF /* SampleSwiftProjectTests.xctest */,
			);
			name = Products;
			sourceTree = "<group>";
		};
		FA1FF1E8199647640031FCBF /* SampleSwiftProject */ = {
			isa = PBXGroup;
			children = (
				FA1FF1EB199647640031FCBF /* AppDelegate.swift */,
				FA1FF1ED199647640031FCBF /* ViewController.swift */,
				FA1FF1EF199647640031FCBF /* Main.storyboard */,
				FA1FF1F2199647640031FCBF /* Images.xcassets */,
				FA1FF1E9199647640031FCBF /* Supporting Files */,
			);
			path = SampleSwiftProject;
			sourceTree = "<group>";
		};
		FA1FF1E9199647640031FCBF /* Supporting Files */ = {
			isa = PBXGroup;
			children = (
				FA1FF1EA199647640031FCBF /* Info.plist */,
			);
			name = "Supporting Files";
			sourceTree = "<group>";
		};
		FA1FF1FB199647640031FCBF /* SampleSwiftProjectTests */ = {
			isa = PBXGroup;
			children = (
				FA1FF1FE199647640031FCBF /* SampleSwiftProjectTests.swift */,
				FA1FF1FC199647640031FCBF /* Supporting Files */,
			);
			path = SampleSwiftProjectTests;
			sourceTree = "<group>";
		};
		FA1FF1FC199647640031FCBF /* Supporting Files */ = {
			isa = PBXGroup;
			children = (
				FA1FF1FD199647640031FCBF /* Info.plist */,
			);
			name = "Supporting Files";
			sourceTree = "<group>";
		};
/* End PBXGroup section */

/* Begin PBXNativeTarget section */
		FA1FF1E5199647640031FCBF /* SampleSwiftProject */ = {
			isa = PBXNativeTarget;
			buildConfigurationList = FA1FF202199647640031FCBF /* Build configuration list for PBXNativeTarget "SampleSwiftProject" */;
			buildPhases = (
				FA1FF1E2199647640031FCBF /* Sources */,
				FA1FF1E3199647640031FCBF /* Frameworks */,
				FA1FF1E4199647640031FCBF /* Resources */,
			);
			buildRules = (
			);
			dependencies = (
			);
			name = SampleSwiftProject;
			productName = SampleSwiftProject;
			productReference = FA1FF1E6199647640031FCBF /* SampleSwiftProject.app */;
			productType = "com.apple.product-type.application";
		};
		FA1FF1F7199647640031FCBF /* SampleSwiftProjectTests */ = {
			isa = PBXNativeTarget;
			buildConfigurationList = FA1FF205199647640031FCBF /* Build configuration list for PBXNativeTarget "SampleSwiftProjectTests" */;
			buildPhases = (
				FA1FF1F4199647640031FCBF /* Sources */,
				FA1FF1F5199647640031FCBF /* Frameworks */,
				FA1FF1F6199647640031FCBF /* Resources */,
			);
			buildRules = (
			);
			dependencies = (
				FA1FF1FA199647640031FCBF /* PBXTargetDependency */,
			);
			name = SampleSwiftProjectTests;
			productName = SampleSwiftProjectTests;
			productReference = FA1FF1F8199647640031FCBF /* SampleSwiftProjectTests.xctest */;
			productType = "com.apple.product-type.bundle.unit-test";
		};
/* End PBXNativeTarget section */

/* Begin PBXProject section */
		FA1FF1DE199647640031FCBF /* Project object */ = {
			isa = PBXProject;
			attributes = {
				LastUpgradeCheck = 0600;
				ORGANIZATIONNAME = DerikLu;
				TargetAttributes = {
					FA1FF1E5199647640031FCBF = {
						CreatedOnToolsVersion = 6.0;
					};
					FA1FF1F7199647640031FCBF = {
						CreatedOnToolsVersion = 6.0;
						TestTargetID = FA1FF1E5199647640031FCBF;
					};
				};
			};
			buildConfigurationList = FA1FF1E1199647640031FCBF /* Build configuration list for PBXProject "SampleSwiftProject" */;
			compatibilityVersion = "Xcode 3.2";
			developmentRegion = English;
			hasScannedForEncodings = 0;
			knownRegions = (
				en,
				Base,
			);
			mainGroup = FA1FF1DD199647640031FCBF;
			productRefGroup = FA1FF1E7199647640031FCBF /* Products */;
			projectDirPath = "";
			projectRoot = "";
			targets = (
				FA1FF1E5199647640031FCBF /* SampleSwiftProject */,
				FA1FF1F7199647640031FCBF /* SampleSwiftProjectTests */,
			);
		};
/* End PBXProject section */

/* Begin PBXResourcesBuildPhase section */
		FA1FF1E4199647640031FCBF /* Resources */ = {
			isa = PBXResourcesBuildPhase;
			buildActionMask = 2147483647;
			files = (
				FA1FF1F1199647640031FCBF /* Main.storyboard in Resources */,
				FA1FF1F3199647640031FCBF /* Images.xcassets in Resources */,
			);
			runOnlyForDeploymentPostprocessing = 0;
		};
		FA1FF1F6199647640031FCBF /* Resources */ = {
			isa = PBXResourcesBuildPhase;
			buildActionMask = 2147483647;
			files = (
			);
			runOnlyForDeploymentPostprocessing = 0;
		};
/* End PBXResourcesBuildPhase section */

/* Begin PBXSourcesBuildPhase section */
		FA1FF1E2199647640031FCBF /* Sources */ = {
			isa = PBXSourcesBuildPhase;
			buildActionMask = 2147483647;
			files = (
				FA1FF1EE199647640031FCBF /* ViewController.swift in Sources */,
				FA1FF1EC199647640031FCBF /* AppDelegate.swift in Sources */,
			);
			runOnlyForDeploymentPostprocessing = 0;
		};
		FA1FF1F4199647640031FCBF /* Sources */ = {
			isa = PBXSourcesBuildPhase;
			buildActionMask = 2147483647;
			files = (
				FA1FF1FF199647640031FCBF /* SampleSwiftProjectTests.swift in Sources */,
			);
			runOnlyForDeploymentPostprocessing = 0;
		};
/* End PBXSourcesBuildPhase section */

/* Begin PBXTargetDependency section */
		FA1FF1FA199647640031FCBF /* PBXTargetDependency */ = {
			isa = PBXTargetDependency;
			target = FA1FF1E5199647640031FCBF /* SampleSwiftProject */;
			targetProxy = FA1FF1F9199647640031FCBF /* PBXContainerItemProxy */;
		};
/* End PBXTargetDependency section */

/* Begin PBXVariantGroup section */
		FA1FF1EF199647640031FCBF /* Main.storyboard */ = {
			isa = PBXVariantGroup;
			children = (
				FA1FF1F0199647640031FCBF /* Base */,
			);
			name = Main.storyboard;
			sourceTree = "<group>";
		};
/* End PBXVariantGroup section */

/* Begin XCBuildConfiguration section */
		FA1FF200199647640031FCBF /* Debug */ = {
			isa = XCBuildConfiguration;
			buildSettings = {
				ALWAYS_SEARCH_USER_PATHS = NO;
				CLANG_CXX_LANGUAGE_STANDARD = "gnu++0x";
				CLANG_CXX_LIBRARY = "libc++";
				CLANG_ENABLE_MODULES = YES;
				CLANG_ENABLE_OBJC_ARC = YES;
				CLANG_WARN_BOOL_CONVERSION = YES;
				CLANG_WARN_CONSTANT_CONVERSION = YES;
				CLANG_WARN_DIRECT_OBJC_ISA_USAGE = YES_ERROR;
				CLANG_WARN_EMPTY_BODY = YES;
				CLANG_WARN_ENUM_CONVERSION = YES;
				CLANG_WARN_INT_CONVERSION = YES;
				CLANG_WARN_OBJC_ROOT_CLASS = YES_ERROR;
				CLANG_WARN_UNREACHABLE_CODE = YES;
				CLANG_WARN__DUPLICATE_METHOD_MATCH = YES;
				"CODE_SIGN_IDENTITY[sdk=iphoneos*]" = "iPhone Developer";
				COPY_PHASE_STRIP = NO;
				ENABLE_STRICT_OBJC_MSGSEND = YES;
				GCC_C_LANGUAGE_STANDARD = gnu99;
				GCC_DYNAMIC_NO_PIC = NO;
				GCC_OPTIMIZATION_LEVEL = 0;
				GCC_PREPROCESSOR_DEFINITIONS = (
					"DEBUG=1",
					"$(inherited)",
				);
				GCC_SYMBOLS_PRIVATE_EXTERN = NO;
				GCC_WARN_64_TO_32_BIT_CONVERSION = YES;
				GCC_WARN_ABOUT_RETURN_TYPE = YES_ERROR;
				GCC_WARN_UNDECLARED_SELECTOR = YES;
				GCC_WARN_UNINITIALIZED_AUTOS = YES_AGGRESSIVE;
				GCC_WARN_UNUSED_FUNCTION = YES;
				GCC_WARN_UNUSED_VARIABLE = YES;
				IPHONEOS_DEPLOYMENT_TARGET = 8.0;
				MTL_ENABLE_DEBUG_INFO = YES;
				ONLY_ACTIVE_ARCH = YES;
				SDKROOT = iphoneos;
				SWIFT_OPTIMIZATION_LEVEL = "-Onone";
				TARGETED_DEVICE_FAMILY = "1,2";
			};
			name = Debug;
		};
		FA1FF201199647640031FCBF /* Release */ = {
			isa = XCBuildConfiguration;
			buildSettings = {
				ALWAYS_SEARCH_USER_PATHS = NO;
				CLANG_CXX_LANGUAGE_STANDARD = "gnu++0x";
				CLANG_CXX_LIBRARY = "libc++";
				CLANG_ENABLE_MODULES = YES;
				CLANG_ENABLE_OBJC_ARC = YES;
				CLANG_WARN_BOOL_CONVERSION = YES;
				CLANG_WARN_CONSTANT_CONVERSION = YES;
				CLANG_WARN_DIRECT_OBJC_ISA_USAGE = YES_ERROR;
				CLANG_WARN_EMPTY_BODY = YES;
				CLANG_WARN_ENUM_CONVERSION = YES;
				CLANG_WARN_INT_CONVERSION = YES;
				CLANG_WARN_OBJC_ROOT_CLASS = YES_ERROR;
				CLANG_WARN_UNREACHABLE_CODE = YES;
				CLANG_WARN__DUPLICATE_METHOD_MATCH = YES;
				"CODE_SIGN_IDENTITY[sdk=iphoneos*]" = "iPhone Developer";
				COPY_PHASE_STRIP = YES;
				ENABLE_NS_ASSERTIONS = NO;
				ENABLE_STRICT_OBJC_MSGSEND = YES;
				GCC_C_LANGUAGE_STANDARD = gnu99;
				GCC_WARN_64_TO_32_BIT_CONVERSION = YES;
				GCC_WARN_ABOUT_RETURN_TYPE = YES_ERROR;
				GCC_WARN_UNDECLARED_SELECTOR = YES;
				GCC_WARN_UNINITIALIZED_AUTOS = YES_AGGRESSIVE;
				GCC_WARN_UNUSED_FUNCTION = YES;
				GCC_WARN_UNUSED_VARIABLE = YES;
				IPHONEOS_DEPLOYMENT_TARGET = 8.0;
				MTL_ENABLE_DEBUG_INFO = NO;
				SDKROOT = iphoneos;
				TARGETED_DEVICE_FAMILY = "1,2";
				VALIDATE_PRODUCT = YES;
			};
			name = Release;
		};
		FA1FF203199647640031FCBF /* Debug */ = {
			isa = XCBuildConfiguration;
			buildSettings = {
				ASSETCATALOG_COMPILER_APPICON_NAME = AppIcon;
				ASSETCATALOG_COMPILER_LAUNCHIMAGE_NAME = LaunchImage;
				INFOPLIST_FILE = SampleSwiftProject/Info.plist;
				LD_RUNPATH_SEARCH_PATHS = "$(inherited) @executable_path/Frameworks";
				PRODUCT_NAME = "$(TARGET_NAME)";
			};
			name = Debug;
		};
		FA1FF204199647640031FCBF /* Release */ = {
			isa = XCBuildConfiguration;
			buildSettings = {
				ASSETCATALOG_COMPILER_APPICON_NAME = AppIcon;
				ASSETCATALOG_COMPILER_LAUNCHIMAGE_NAME = LaunchImage;
				INFOPLIST_FILE = SampleSwiftProject/Info.plist;
				LD_RUNPATH_SEARCH_PATHS = "$(inherited) @executable_path/Frameworks";
				PRODUCT_NAME = "$(TARGET_NAME)";
			};
			name = Release;
		};
		FA1FF206199647640031FCBF /* Debug */ = {
			isa = XCBuildConfiguration;
			buildSettings = {
				BUNDLE_LOADER = "$(TEST_HOST)";
				FRAMEWORK_SEARCH_PATHS = (
					"$(SDKROOT)/Developer/Library/Frameworks",
					"$(inherited)",
				);
				GCC_PREPROCESSOR_DEFINITIONS = (
					"DEBUG=1",
					"$(inherited)",
				);
				INFOPLIST_FILE = SampleSwiftProjectTests/Info.plist;
				LD_RUNPATH_SEARCH_PATHS = "$(inherited) @executable_path/Frameworks @loader_path/Frameworks";
				PRODUCT_NAME = "$(TARGET_NAME)";
				TEST_HOST = "$(BUILT_PRODUCTS_DIR)/SampleSwiftProject.app/SampleSwiftProject";
			};
			name = Debug;
		};
		FA1FF207199647640031FCBF /* Release */ = {
			isa = XCBuildConfiguration;
			buildSettings = {
				BUNDLE_LOADER = "$(TEST_HOST)";
				FRAMEWORK_SEARCH_PATHS = (
					"$(SDKROOT)/Developer/Library/Frameworks",
					"$(inherited)",
				);
				INFOPLIST_FILE = SampleSwiftProjectTests/Info.plist;
				LD_RUNPATH_SEARCH_PATHS = "$(inherited) @executable_path/Frameworks @loader_path/Frameworks";
				PRODUCT_NAME = "$(TARGET_NAME)";
				TEST_HOST = "$(BUILT_PRODUCTS_DIR)/SampleSwiftProject.app/SampleSwiftProject";
			};
			name = Release;
		};
/* End XCBuildConfiguration section */

/* Begin XCConfigurationList section */
		FA1FF1E1199647640031FCBF /* Build configuration list for PBXProject "SampleSwiftProject" */ = {
			isa = XCConfigurationList;
			buildConfigurations = (
				FA1FF200199647640031FCBF /* Debug */,
				FA1FF201199647640031FCBF /* Release */,
			);
			defaultConfigurationIsVisible = 0;
			defaultConfigurationName = Release;
		};
		FA1FF202199647640031FCBF /* Build configuration list for PBXNativeTarget "SampleSwiftProject" */ = {
			isa = XCConfigurationList;
			buildConfigurations = (
				FA1FF203199647640031FCBF /* Debug */,
				FA1FF204199647640031FCBF /* Release */,
			);
			defaultConfigurationIsVisible = 0;
		};
		FA1FF205199647640031FCBF /* Build configuration list for PBXNativeTarget "SampleSwiftProjectTests" */ = {
			isa = XCConfigurationList;
			buildConfigurations = (
				FA1FF206199647640031FCBF /* Debug */,
				FA1FF207199647640031FCBF /* Release */,
			);
			defaultConfigurationIsVisible = 0;
		};
/* End XCConfigurationList section */
	};
	rootObject = FA1FF1DE199647640031FCBF /* Project object */;
}
